
Microsoft Visual Studio Solution File, Format Version 11.00
# Visual Studio 2010
Project("{FAE04EC0-301F-11D3-BF4B-00C04F79EFBC}") = "SideScroller", "com.unity.postprocessing.Runtime.csproj", "{AA9E2453-55CE-3BD4-F00C-2308010B8328}"
EndProject
Project("{FAE04EC0-301F-11D3-BF4B-00C04F79EFBC}") = "SideScroller", "Assembly-CSharp.csproj", "{C2F5BD75-394E-17D7-68BA-CF5504CC8223}"
EndProject
Project("{FAE04EC0-301F-11D3-BF4B-00C04F79EFBC}") = "SideScroller", "com.unity.postprocessing.Editor.csproj", "{5273FEE4-9232-905B-4277-968D3A242DAA}"
EndProject
Project("{FAE04EC0-301F-11D3-BF4B-00C04F79EFBC}") = "SideScroller", "Assembly-CSharp-Editor-firstpass.csproj", "{2D2931FC-4D4F-6FEB-A1E4-A64D74342F50}"
EndProject
Project("{FAE04EC0-301F-11D3-BF4B-00C04F79EFBC}") = "SideScroller", "Assembly-CSharp-Editor.csproj", "{24E748E5-B984-4693-8621-9F8B4D66BE80}"
EndProject
Global
	GlobalSection(SolutionConfigurationPlatforms) = preSolution
		Debug|Any CPU = Debug|Any CPU
		Release|Any CPU = Release|Any CPU
	EndGlobalSection
	GlobalSection(ProjectConfigurationPlatforms) = postSolution
		{AA9E2453-55CE-3BD4-F00C-2308010B8328}.Debug|Any CPU.ActiveCfg = Debug|Any CPU
		{AA9E2453-55CE-3BD4-F00C-2308010B8328}.Debug|Any CPU.Build.0 = Debug|Any CPU
		{AA9E2453-55CE-3BD4-F00C-2308010B8328}.Release|Any CPU.ActiveCfg = Release|Any CPU
		{AA9E2453-55CE-3BD4-F00C-2308010B8328}.Release|Any CPU.Build.0 = Release|Any CPU
		{C2F5BD75-394E-17D7-68BA-CF5504CC8223}.Debug|Any CPU.ActiveCfg = Debug|Any CPU
		{C2F5BD75-394E-17D7-68BA-CF5504CC8223}.Debug|Any CPU.Build.0 = Debug|Any CPU
		{C2F5BD75-394E-17D7-68BA-CF5504CC8223}.Release|Any CPU.ActiveCfg = Release|Any CPU
		{C2F5BD75-394E-17D7-68BA-CF5504CC8223}.Release|Any CPU.Build.0 = Release|Any CPU
		{5273FEE4-9232-905B-4277-968D3A242DAA}.Debug|Any CPU.ActiveCfg = Debug|Any CPU
		{5273FEE4-9232-905B-4277-968D3A242DAA}.Debug|Any CPU.Build.0 = Debug|Any CPU
		{5273FEE4-9232-905B-4277-968D3A242DAA}.Release|Any CPU.ActiveCfg = Release|Any CPU
		{5273FEE4-9232-905B-4277-968D3A242DAA}.Release|Any CPU.Build.0 = Release|Any CPU
		{2D2931FC-4D4F-6FEB-A1E4-A64D74342F50}.Debug|Any CPU.ActiveCfg = Debug|Any CPU
		{2D2931FC-4D4F-6FEB-A1E4-A64D74342F50}.Debug|Any CPU.Build.0 = Debug|Any CPU
		{2D2931FC-4D4F-6FEB-A1E4-A64D74342F50}.Release|Any CPU.ActiveCfg = Release|Any CPU
		{2D2931FC-4D4F-6FEB-A1E4-A64D74342F50}.Release|Any CPU.Build.0 = Release|Any CPU
		{24E748E5-B984-4693-8621-9F8B4D66BE80}.Debug|Any CPU.ActiveCfg = Debug|Any CPU
		{24E748E5-B984-4693-8621-9F8B4D66BE80}.Debug|Any CPU.Build.0 = Debug|Any CPU
		{24E748E5-B984-4693-8621-9F8B4D66BE80}.Release|Any CPU.ActiveCfg = Release|Any CPU
		{24E748E5-B984-4693-8621-9F8B4D66BE80}.Release|Any CPU.Build.0 = Release|Any CPU
	EndGlobalSection
	GlobalSection(SolutionProperties) = preSolution
		HideSolutionNode = FALSE
	EndGlobalSection
	GlobalSection(MonoDevelopProperties) = preSolution
		StartupItem = Assembly-CSharp.csproj
	EndGlobalSection
EndGlobal
